
Microsoft Visual Studio Solution File, Format Version 12.00
# Visual Studio Version 17
VisualStudioVersion = 17.7.34031.279
MinimumVisualStudioVersion = 10.0.40219.1
Project("{FAE04EC0-301F-11D3-BF4B-00C04F79EFBC}") = "ams.web", "ams.web\ams.web.csproj", "{901BB002-9042-4A21-8501-EC90FDD51324}"
EndProject
Project("{FAE04EC0-301F-11D3-BF4B-00C04F79EFBC}") = "ams.data", "ams.data\ams.data.csproj", "{309F48AB-799E-4A64-855B-05147237BCDA}"
EndProject
Project("{FAE04EC0-301F-11D3-BF4B-00C04F79EFBC}") = "ams.core", "ams.core\ams.core.csproj", "{44176422-BB0F-4763-867A-DB88825EE216}"
EndProject
Project("{FAE04EC0-301F-11D3-BF4B-00C04F79EFBC}") = "ams.entity", "ams.entity\ams.entity.csproj", "{C31FFE6C-D931-4B06-BAB9-5B99FD5F37A2}"
EndProject
Project("{FAE04EC0-301F-11D3-BF4B-00C04F79EFBC}") = "ams.service", "ams.service\ams.service.csproj", "{A6E665E4-2673-406C-A6A5-CC8747060407}"
EndProject
Global
	GlobalSection(SolutionConfigurationPlatforms) = preSolution
		Debug|Any CPU = Debug|Any CPU
		Release|Any CPU = Release|Any CPU
	EndGlobalSection
	GlobalSection(ProjectConfigurationPlatforms) = postSolution
		{901BB002-9042-4A21-8501-EC90FDD51324}.Debug|Any CPU.ActiveCfg = Debug|Any CPU
		{901BB002-9042-4A21-8501-EC90FDD51324}.Debug|Any CPU.Build.0 = Debug|Any CPU
		{901BB002-9042-4A21-8501-EC90FDD51324}.Release|Any CPU.ActiveCfg = Release|Any CPU
		{901BB002-9042-4A21-8501-EC90FDD51324}.Release|Any CPU.Build.0 = Release|Any CPU
		{309F48AB-799E-4A64-855B-05147237BCDA}.Debug|Any CPU.ActiveCfg = Debug|Any CPU
		{309F48AB-799E-4A64-855B-05147237BCDA}.Debug|Any CPU.Build.0 = Debug|Any CPU
		{309F48AB-799E-4A64-855B-05147237BCDA}.Release|Any CPU.ActiveCfg = Release|Any CPU
		{309F48AB-799E-4A64-855B-05147237BCDA}.Release|Any CPU.Build.0 = Release|Any CPU
		{44176422-BB0F-4763-867A-DB88825EE216}.Debug|Any CPU.ActiveCfg = Debug|Any CPU
		{44176422-BB0F-4763-867A-DB88825EE216}.Debug|Any CPU.Build.0 = Debug|Any CPU
		{44176422-BB0F-4763-867A-DB88825EE216}.Release|Any CPU.ActiveCfg = Release|Any CPU
		{44176422-BB0F-4763-867A-DB88825EE216}.Release|Any CPU.Build.0 = Release|Any CPU
		{C31FFE6C-D931-4B06-BAB9-5B99FD5F37A2}.Debug|Any CPU.ActiveCfg = Debug|Any CPU
		{C31FFE6C-D931-4B06-BAB9-5B99FD5F37A2}.Debug|Any CPU.Build.0 = Debug|Any CPU
		{C31FFE6C-D931-4B06-BAB9-5B99FD5F37A2}.Release|Any CPU.ActiveCfg = Release|Any CPU
		{C31FFE6C-D931-4B06-BAB9-5B99FD5F37A2}.Release|Any CPU.Build.0 = Release|Any CPU
		{A6E665E4-2673-406C-A6A5-CC8747060407}.Debug|Any CPU.ActiveCfg = Debug|Any CPU
		{A6E665E4-2673-406C-A6A5-CC8747060407}.Debug|Any CPU.Build.0 = Debug|Any CPU
		{A6E665E4-2673-406C-A6A5-CC8747060407}.Release|Any CPU.ActiveCfg = Release|Any CPU
		{A6E665E4-2673-406C-A6A5-CC8747060407}.Release|Any CPU.Build.0 = Release|Any CPU
	EndGlobalSection
	GlobalSection(SolutionProperties) = preSolution
		HideSolutionNode = FALSE
	EndGlobalSection
	GlobalSection(ExtensibilityGlobals) = postSolution
		SolutionGuid = {10B1E60C-3B92-4C88-A824-EB2A147B76DA}
	EndGlobalSection
EndGlobal
